{
  "name": "parker-starter-app",
  "version": "0.0.0",
  "lockfileVersion": 1,
  "requires": true,
  "dependencies": {
    "@types/bson": {
      "version": "4.0.5",
      "resolved": "https://registry.npmjs.org/@types/bson/-/bson-4.0.5.tgz",
      "integrity": "sha512-vVLwMUqhYJSQ/WKcE60eFqcyuWse5fGH+NMAXHuKrUAPoryq3ATxk5o4bgYNtg5aOM4APVg7Hnb3ASqUYG0PKg==",
      "requires": {
        "@types/node": "*"
      }
    },
    "@types/mongodb": {
      "version": "3.6.20",
      "resolved": "https://registry.npmjs.org/@types/mongodb/-/mongodb-3.6.20.tgz",
      "integrity": "sha512-WcdpPJCakFzcWWD9juKoZbRtQxKIMYF/JIAM4JrNHrMcnJL6/a2NWjXxW7fo9hxboxxkg+icff8d7+WIEvKgYQ==",
      "requires": {
        "@types/bson": "*",
        "@types/node": "*"
      }
    },
    "@types/node": {
      "version": "18.11.17",
      "resolved": "https://registry.npmjs.org/@types/node/-/node-18.11.17.tgz",
      "integrity": "sha512-HJSUJmni4BeDHhfzn6nF0sVmd1SMezP7/4F0Lq+aXzmp2xm9O7WXrUtHW/CHlYVtZUbByEvWidHqRtcJXGF2Ng=="
    },
    "accept": {
      "version": "2.1.4",
      "resolved": "https://registry.npmjs.org/accept/-/accept-2.1.4.tgz",
      "integrity": "sha512-nD5Js+vxFQPKbWhp2cjknHS0XMbtW7gvzWZn7r/EEA01WYfitHMgv8SB696J8K3GlNld+0EKpH/0WDFNfJUijQ==",
      "requires": {
        "boom": "5.x.x",
        "hoek": "4.x.x"
      },
      "dependencies": {
        "boom": {
          "version": "5.2.0",
          "resolved": "https://registry.npmjs.org/boom/-/boom-5.2.0.tgz",
          "integrity": "sha512-Z5BTk6ZRe4tXXQlkqftmsAUANpXmuwlsF5Oov8ThoMbQRzdGTA1ngYRW160GexgOgjsFOKJz0LYhoNi+2AMBUw==",
          "requires": {
            "hoek": "4.x.x"
          }
        },
        "hoek": {
          "version": "4.2.1",
          "resolved": "https://registry.npmjs.org/hoek/-/hoek-4.2.1.tgz",
          "integrity": "sha512-QLg82fGkfnJ/4iy1xZ81/9SIJiq1NGFUMGs6ParyjBZr6jW2Ufj/snDqTHixNlHdPNwN2RLVD0Pi3igeK9+JfA=="
        }
      }
    },
    "ammo": {
      "version": "2.0.4",
      "resolved": "https://registry.npmjs.org/ammo/-/ammo-2.0.4.tgz",
      "integrity": "sha512-0FBaPg1Uk6tKQb6s0PHg83pSgk8Cx12TrVrR3Yn8Rq5K5WslMOq9vwhbXyzcN8Ti1zCRR9hpCpuIyX4RR4Ej1w==",
      "requires": {
        "boom": "5.x.x",
        "hoek": "4.x.x"
      },
      "dependencies": {
        "boom": {
          "version": "5.2.0",
          "resolved": "https://registry.npmjs.org/boom/-/boom-5.2.0.tgz",
          "integrity": "sha512-Z5BTk6ZRe4tXXQlkqftmsAUANpXmuwlsF5Oov8ThoMbQRzdGTA1ngYRW160GexgOgjsFOKJz0LYhoNi+2AMBUw==",
          "requires": {
            "hoek": "4.x.x"
          }
        },
        "hoek": {
          "version": "4.2.1",
          "resolved": "https://registry.npmjs.org/hoek/-/hoek-4.2.1.tgz",
          "integrity": "sha512-QLg82fGkfnJ/4iy1xZ81/9SIJiq1NGFUMGs6ParyjBZr6jW2Ufj/snDqTHixNlHdPNwN2RLVD0Pi3igeK9+JfA=="
        }
      }
    },
    "b64": {
      "version": "3.0.3",
      "resolved": "https://registry.npmjs.org/b64/-/b64-3.0.3.tgz",
      "integrity": "sha512-Pbeh0i6OLubPJdIdCepn8ZQHwN2MWznZHbHABSTEfQ706ie+yuxNSaPdqX1xRatT6WanaS1EazMiSg0NUW2XxQ=="
    },
    "balanced-match": {
      "version": "1.0.0",
      "resolved": "https://registry.npmjs.org/balanced-match/-/balanced-match-1.0.0.tgz",
      "integrity": "sha1-ibTRmasr7kneFk6gK4nORi1xt2c="
    },
    "bcryptjs": {
      "version": "2.4.3",
      "resolved": "https://registry.npmjs.org/bcryptjs/-/bcryptjs-2.4.3.tgz",
      "integrity": "sha1-mrVie5PmBiH/fNrF2pczAn3x0Ms="
    },
    "bl": {
      "version": "2.2.1",
      "resolved": "https://registry.npmjs.org/bl/-/bl-2.2.1.tgz",
      "integrity": "sha512-6Pesp1w0DEX1N550i/uGV/TqucVL4AM/pgThFSN/Qq9si1/DF9aIHs1BxD8V/QU0HoeHO6cQRTAuYnLPKq1e4g==",
      "requires": {
        "readable-stream": "^2.3.5",
        "safe-buffer": "^5.1.1"
      }
    },
    "bluebird": {
      "version": "3.5.1",
      "resolved": "https://registry.npmjs.org/bluebird/-/bluebird-3.5.1.tgz",
      "integrity": "sha512-MKiLiV+I1AA596t9w1sQJ8jkiSr5+ZKi0WKrYGUn6d1Fx+Ij4tIj+m2WMQSGczs5jZVxV339chE8iwk6F64wjA=="
    },
    "boom": {
      "version": "7.3.0",
      "resolved": "https://registry.npmjs.org/boom/-/boom-7.3.0.tgz",
      "integrity": "sha512-Swpoyi2t5+GhOEGw8rEsKvTxFLIDiiKoUc2gsoV6Lyr43LHBIzch3k2MvYUs8RTROrIkVJ3Al0TkaOGjnb+B6A==",
      "requires": {
        "hoek": "6.x.x"
      }
    },
    "bourne": {
      "version": "1.1.2",
      "resolved": "https://registry.npmjs.org/bourne/-/bourne-1.1.2.tgz",
      "integrity": "sha512-b2dgVkTZhkQirNMohgC00rWfpVqEi9y5tKM1k3JvoNx05ODtfQoPPd4js9CYFQoY0IM8LAmnJulEuWv74zjUOg=="
    },
    "brace-expansion": {
      "version": "1.1.8",
      "resolved": "https://registry.npmjs.org/brace-expansion/-/brace-expansion-1.1.8.tgz",
      "integrity": "sha1-wHshHHyVLsH479Uad+8NHTmQopI=",
      "requires": {
        "balanced-match": "1.0.0",
        "concat-map": "0.0.1"
      }
    },
    "bson": {
      "version": "1.1.6",
      "resolved": "https://registry.npmjs.org/bson/-/bson-1.1.6.tgz",
      "integrity": "sha512-EvVNVeGo4tHxwi8L6bPj3y3itEvStdwvvlojVxxbyYfoaxJ6keLgrTuKdyfEAszFK+H3olzBuafE0yoh0D1gdg=="
    },
    "buffer-equal-constant-time": {
      "version": "1.0.1",
      "resolved": "https://registry.npmjs.org/buffer-equal-constant-time/-/buffer-equal-constant-time-1.0.1.tgz",
      "integrity": "sha512-zRpUiDwd/xk6ADqPMATG8vc9VPrkck7T07OIx0gnjmJAnHnTVXNQG3vfvWNuiZIkwu9KrKdA1iJKfsfTVxE6NA=="
    },
    "call": {
      "version": "4.0.2",
      "resolved": "https://registry.npmjs.org/call/-/call-4.0.2.tgz",
      "integrity": "sha512-RIanwfIQAJuF9Ms0gNpV83RlLn6AqYpcUWe6S8vdP25Z5HXnAefOx9jCo1pF/ov0gxyIPfSCvjdIXl0iCw/bkA==",
      "requires": {
        "boom": "5.x.x",
        "hoek": "4.x.x"
      },
      "dependencies": {
        "boom": {
          "version": "5.2.0",
          "resolved": "https://registry.npmjs.org/boom/-/boom-5.2.0.tgz",
          "integrity": "sha512-Z5BTk6ZRe4tXXQlkqftmsAUANpXmuwlsF5Oov8ThoMbQRzdGTA1ngYRW160GexgOgjsFOKJz0LYhoNi+2AMBUw==",
          "requires": {
            "hoek": "4.x.x"
          }
        },
        "hoek": {
          "version": "4.2.1",
          "resolved": "https://registry.npmjs.org/hoek/-/hoek-4.2.1.tgz",
          "integrity": "sha512-QLg82fGkfnJ/4iy1xZ81/9SIJiq1NGFUMGs6ParyjBZr6jW2Ufj/snDqTHixNlHdPNwN2RLVD0Pi3igeK9+JfA=="
        }
      }
    },
    "catbox": {
      "version": "7.1.5",
      "resolved": "https://registry.npmjs.org/catbox/-/catbox-7.1.5.tgz",
      "integrity": "sha512-4fui5lELzqZ+9cnaAP/BcqXTH6LvWLBRtFhJ0I4FfgfXiSaZcf6k9m9dqOyChiTxNYtvLk7ZMYSf7ahMq3bf5A==",
      "requires": {
        "boom": "5.x.x",
        "hoek": "4.x.x",
        "joi": "10.x.x"
      },
      "dependencies": {
        "boom": {
          "version": "5.2.0",
          "resolved": "https://registry.npmjs.org/boom/-/boom-5.2.0.tgz",
          "integrity": "sha512-Z5BTk6ZRe4tXXQlkqftmsAUANpXmuwlsF5Oov8ThoMbQRzdGTA1ngYRW160GexgOgjsFOKJz0LYhoNi+2AMBUw==",
          "requires": {
            "hoek": "4.x.x"
          }
        },
        "hoek": {
          "version": "4.2.1",
          "resolved": "https://registry.npmjs.org/hoek/-/hoek-4.2.1.tgz",
          "integrity": "sha512-QLg82fGkfnJ/4iy1xZ81/9SIJiq1NGFUMGs6ParyjBZr6jW2Ufj/snDqTHixNlHdPNwN2RLVD0Pi3igeK9+JfA=="
        },
        "joi": {
          "version": "10.6.0",
          "resolved": "https://registry.npmjs.org/joi/-/joi-10.6.0.tgz",
          "integrity": "sha512-hBF3LcqyAid+9X/pwg+eXjD2QBZI5eXnBFJYaAkH4SK3mp9QSRiiQnDYlmlz5pccMvnLcJRS4whhDOTCkmsAdQ==",
          "requires": {
            "hoek": "4.x.x",
            "isemail": "2.x.x",
            "items": "2.x.x",
            "topo": "2.x.x"
          }
        }
      }
    },
    "catbox-memory": {
      "version": "2.0.4",
      "resolved": "https://registry.npmjs.org/catbox-memory/-/catbox-memory-2.0.4.tgz",
      "integrity": "sha512-PlVLh6M+Z+anAKHllMUkIIgs5f5nX5qMwz8gnUQykY+q6BI+fKTY511pYVhD7j8506XQPMFMtpyoS8TKbP1GYg==",
      "requires": {
        "hoek": "4.x.x"
      },
      "dependencies": {
        "hoek": {
          "version": "4.2.1",
          "resolved": "https://registry.npmjs.org/hoek/-/hoek-4.2.1.tgz",
          "integrity": "sha512-QLg82fGkfnJ/4iy1xZ81/9SIJiq1NGFUMGs6ParyjBZr6jW2Ufj/snDqTHixNlHdPNwN2RLVD0Pi3igeK9+JfA=="
        }
      }
    },
    "concat-map": {
      "version": "0.0.1",
      "resolved": "https://registry.npmjs.org/concat-map/-/concat-map-0.0.1.tgz",
      "integrity": "sha1-2Klr13/Wjfd5OnMDajug1UBdR3s="
    },
    "content": {
      "version": "3.0.7",
      "resolved": "https://registry.npmjs.org/content/-/content-3.0.7.tgz",
      "integrity": "sha512-LXtnSnvE+Z1Cjpa3P9gh9kb396qV4MqpfwKy777BOSF8n6nw2vAi03tHNl0/XRqZUyzVzY/+nMXOZVnEapWzdg==",
      "requires": {
        "boom": "5.x.x"
      },
      "dependencies": {
        "boom": {
          "version": "5.2.0",
          "resolved": "https://registry.npmjs.org/boom/-/boom-5.2.0.tgz",
          "integrity": "sha512-Z5BTk6ZRe4tXXQlkqftmsAUANpXmuwlsF5Oov8ThoMbQRzdGTA1ngYRW160GexgOgjsFOKJz0LYhoNi+2AMBUw==",
          "requires": {
            "hoek": "4.x.x"
          }
        },
        "hoek": {
          "version": "4.2.1",
          "resolved": "https://registry.npmjs.org/hoek/-/hoek-4.2.1.tgz",
          "integrity": "sha512-QLg82fGkfnJ/4iy1xZ81/9SIJiq1NGFUMGs6ParyjBZr6jW2Ufj/snDqTHixNlHdPNwN2RLVD0Pi3igeK9+JfA=="
        }
      }
    },
    "core-util-is": {
      "version": "1.0.3",
      "resolved": "https://registry.npmjs.org/core-util-is/-/core-util-is-1.0.3.tgz",
      "integrity": "sha512-ZQBvi1DcpJ4GDqanjucZ2Hj3wEO5pZDS89BWbkcrvdxksJorwUDDZamX9ldFkp9aw2lmBDLgkObEA4DWNJ9FYQ=="
    },
    "cryptiles": {
      "version": "3.1.4",
      "resolved": "https://registry.npmjs.org/cryptiles/-/cryptiles-3.1.4.tgz",
      "integrity": "sha512-8I1sgZHfVwcSOY6mSGpVU3lw/GSIZvusg8dD2+OGehCJpOhQRLNcH0qb9upQnOH4XhgxxFJSg6E2kx95deb1Tw==",
      "requires": {
        "boom": "5.x.x"
      },
      "dependencies": {
        "boom": {
          "version": "5.2.0",
          "resolved": "https://registry.npmjs.org/boom/-/boom-5.2.0.tgz",
          "integrity": "sha512-Z5BTk6ZRe4tXXQlkqftmsAUANpXmuwlsF5Oov8ThoMbQRzdGTA1ngYRW160GexgOgjsFOKJz0LYhoNi+2AMBUw==",
          "requires": {
            "hoek": "4.x.x"
          }
        },
        "hoek": {
          "version": "4.2.1",
          "resolved": "https://registry.npmjs.org/hoek/-/hoek-4.2.1.tgz",
          "integrity": "sha512-QLg82fGkfnJ/4iy1xZ81/9SIJiq1NGFUMGs6ParyjBZr6jW2Ufj/snDqTHixNlHdPNwN2RLVD0Pi3igeK9+JfA=="
        }
      }
    },
    "debug": {
      "version": "3.1.0",
      "resolved": "https://registry.npmjs.org/debug/-/debug-3.1.0.tgz",
      "integrity": "sha512-OX8XqP7/1a9cqkxYw2yXss15f26NKWBpDXQd0/uK/KPqdQhxbPa994hnzjcE2VqQpDslf55723cKPUOGSmMY3g==",
      "requires": {
        "ms": "2.0.0"
      },
      "dependencies": {
        "ms": {
          "version": "2.0.0",
          "resolved": "https://registry.npmjs.org/ms/-/ms-2.0.0.tgz",
          "integrity": "sha512-Tpp60P6IUJDTuOq/5Z8cdskzJujfwqfOTkrwIwj7IRISpnkJnT6SyJ4PCPnGMoFjC9ddhal5KVIYtAt97ix05A=="
        }
      }
    },
    "denque": {
      "version": "1.5.1",
      "resolved": "https://registry.npmjs.org/denque/-/denque-1.5.1.tgz",
      "integrity": "sha512-XwE+iZ4D6ZUB7mfYRMb5wByE8L74HCn30FBN7sWnXksWc1LO1bPDl67pBR9o/kC4z/xSNAwkMYcGgqDV3BE3Hw=="
    },
    "ecdsa-sig-formatter": {
      "version": "1.0.11",
      "resolved": "https://registry.npmjs.org/ecdsa-sig-formatter/-/ecdsa-sig-formatter-1.0.11.tgz",
      "integrity": "sha512-nagl3RYrbNv6kQkeJIpt6NJZy8twLB/2vtz6yN9Z4vRKHN4/QZJIEbqohALSgwKdnksuY3k5Addp5lg8sVoVcQ==",
      "requires": {
        "safe-buffer": "^5.0.1"
      }
    },
    "fs.realpath": {
      "version": "1.0.0",
      "resolved": "https://registry.npmjs.org/fs.realpath/-/fs.realpath-1.0.0.tgz",
      "integrity": "sha1-FQStJSMVjKpA20onh8sBQRmU6k8="
    },
    "glob": {
      "version": "7.1.2",
      "resolved": "https://registry.npmjs.org/glob/-/glob-7.1.2.tgz",
      "integrity": "sha512-MJTUg1kjuLeQCJ+ccE4Vpa6kKVXkPYJ2mOCQyUuKLcLQsdrMCpBPUi8qVE6+YuaJkozeA9NusTAw3hLr8Xe5EQ==",
      "requires": {
        "fs.realpath": "1.0.0",
        "inflight": "1.0.6",
        "inherits": "2.0.3",
        "minimatch": "3.0.4",
        "once": "1.4.0",
        "path-is-absolute": "1.0.1"
      }
    },
    "hapi": {
      "version": "16.7.0",
      "resolved": "https://registry.npmjs.org/hapi/-/hapi-16.7.0.tgz",
      "integrity": "sha512-UeMX1LMWmHEIgMlwZGK/3lhI7X0VRvOioVply0Y9qF+/O5woGdQzNB8ZmDnLOBjnB6bdWWHyo5DEamuCsE1vmg==",
      "requires": {
        "accept": "2.x.x",
        "ammo": "2.x.x",
        "boom": "5.x.x",
        "call": "4.x.x",
        "catbox": "7.x.x",
        "catbox-memory": "2.x.x",
        "cryptiles": "3.x.x",
        "heavy": "4.x.x",
        "hoek": "4.x.x",
        "iron": "4.x.x",
        "items": "2.x.x",
        "joi": "11.x.x",
        "mimos": "3.x.x",
        "podium": "1.x.x",
        "shot": "3.x.x",
        "somever": "1.x.x",
        "statehood": "5.x.x",
        "subtext": "5.x.x",
        "topo": "2.x.x"
      },
      "dependencies": {
        "boom": {
          "version": "5.2.0",
          "resolved": "https://registry.npmjs.org/boom/-/boom-5.2.0.tgz",
          "integrity": "sha512-Z5BTk6ZRe4tXXQlkqftmsAUANpXmuwlsF5Oov8ThoMbQRzdGTA1ngYRW160GexgOgjsFOKJz0LYhoNi+2AMBUw==",
          "requires": {
            "hoek": "4.x.x"
          }
        },
        "hoek": {
          "version": "4.2.1",
          "resolved": "https://registry.npmjs.org/hoek/-/hoek-4.2.1.tgz",
          "integrity": "sha512-QLg82fGkfnJ/4iy1xZ81/9SIJiq1NGFUMGs6ParyjBZr6jW2Ufj/snDqTHixNlHdPNwN2RLVD0Pi3igeK9+JfA=="
        },
        "isemail": {
          "version": "3.2.0",
          "resolved": "https://registry.npmjs.org/isemail/-/isemail-3.2.0.tgz",
          "integrity": "sha512-zKqkK+O+dGqevc93KNsbZ/TqTUFd46MwWjYOoMrjIMZ51eU7DtQG3Wmd9SQQT7i7RVnuTPEiYEWHU3MSbxC1Tg==",
          "requires": {
            "punycode": "2.x.x"
          }
        },
        "joi": {
          "version": "11.4.0",
          "resolved": "https://registry.npmjs.org/joi/-/joi-11.4.0.tgz",
          "integrity": "sha512-O7Uw+w/zEWgbL6OcHbyACKSj0PkQeUgmehdoXVSxt92QFCq4+1390Rwh5moI2K/OgC7D8RHRZqHZxT2husMJHA==",
          "requires": {
            "hoek": "4.x.x",
            "isemail": "3.x.x",
            "topo": "2.x.x"
          }
        }
      }
    },
    "hapi-auth-jwt": {
      "version": "4.0.0",
      "resolved": "https://registry.npmjs.org/hapi-auth-jwt/-/hapi-auth-jwt-4.0.0.tgz",
      "integrity": "sha1-yhoN2oauyX6oOxhN/f9XwTI2ua4=",
      "requires": {
        "boom": "3.2.2",
        "hoek": "3.0.4",
        "jsonwebtoken": "5.7.0"
      },
      "dependencies": {
        "boom": {
          "version": "3.2.2",
          "resolved": "https://registry.npmjs.org/boom/-/boom-3.2.2.tgz",
          "integrity": "sha512-yQ2/XD/jDLDwhWMX4Pl/fGhkRaNqHwJZ8wsGsEvj9QufQuvDr/BX9jvZrIqzs8OTDnHc9QY/iTn7XJ9Y+HvFHg==",
          "requires": {
            "hoek": "4.x.x"
          },
          "dependencies": {
            "hoek": {
              "version": "4.2.1",
              "resolved": "https://registry.npmjs.org/hoek/-/hoek-4.2.1.tgz",
              "integrity": "sha512-QLg82fGkfnJ/4iy1xZ81/9SIJiq1NGFUMGs6ParyjBZr6jW2Ufj/snDqTHixNlHdPNwN2RLVD0Pi3igeK9+JfA=="
            }
          }
        },
        "hoek": {
          "version": "3.0.4",
          "resolved": "https://registry.npmjs.org/hoek/-/hoek-3.0.4.tgz",
          "integrity": "sha1-Jorf9mu2aVxptHiaiLHghHw/MSM="
        },
        "jsonwebtoken": {
          "version": "5.7.0",
          "resolved": "https://registry.npmjs.org/jsonwebtoken/-/jsonwebtoken-5.7.0.tgz",
          "integrity": "sha512-VP2HXX7tJ73v5ZGGTFdgILhOBwGSDlPP4qArdrq6YbDVJ9YJflcNE/fbuGHPlefPkbM1+7rFzz1eTq1xICsJxA==",
          "requires": {
            "jws": "^3.0.0",
            "ms": "^0.7.1",
            "xtend": "^4.0.1"
          }
        },
        "ms": {
          "version": "0.7.3",
          "resolved": "https://registry.npmjs.org/ms/-/ms-0.7.3.tgz",
          "integrity": "sha512-lrKNzMWqQZgwJahtrtrM+9NgOoDUveDrVmm5aGXrf3BdtL0mq7X6IVzoZaw+TfNti29eHd1/8GI+h45K5cQ6/w=="
        }
      }
    },
    "heavy": {
      "version": "4.0.4",
      "resolved": "https://registry.npmjs.org/heavy/-/heavy-4.0.4.tgz",
      "integrity": "sha512-8JYatUE+yVxhld/9C+AszeLr0Wh2hGHRkPyyl+xakVLF7Ev1SsH1Kp1iNl06C8LrMlwYBholBqW2URQCn39zuw==",
      "requires": {
        "boom": "5.x.x",
        "hoek": "4.x.x",
        "joi": "10.x.x"
      },
      "dependencies": {
        "boom": {
          "version": "5.2.0",
          "resolved": "https://registry.npmjs.org/boom/-/boom-5.2.0.tgz",
          "integrity": "sha512-Z5BTk6ZRe4tXXQlkqftmsAUANpXmuwlsF5Oov8ThoMbQRzdGTA1ngYRW160GexgOgjsFOKJz0LYhoNi+2AMBUw==",
          "requires": {
            "hoek": "4.x.x"
          }
        },
        "hoek": {
          "version": "4.2.1",
          "resolved": "https://registry.npmjs.org/hoek/-/hoek-4.2.1.tgz",
          "integrity": "sha512-QLg82fGkfnJ/4iy1xZ81/9SIJiq1NGFUMGs6ParyjBZr6jW2Ufj/snDqTHixNlHdPNwN2RLVD0Pi3igeK9+JfA=="
        },
        "joi": {
          "version": "10.6.0",
          "resolved": "https://registry.npmjs.org/joi/-/joi-10.6.0.tgz",
          "integrity": "sha512-hBF3LcqyAid+9X/pwg+eXjD2QBZI5eXnBFJYaAkH4SK3mp9QSRiiQnDYlmlz5pccMvnLcJRS4whhDOTCkmsAdQ==",
          "requires": {
            "hoek": "4.x.x",
            "isemail": "2.x.x",
            "items": "2.x.x",
            "topo": "2.x.x"
          }
        }
      }
    },
    "hoek": {
      "version": "6.1.3",
      "resolved": "https://registry.npmjs.org/hoek/-/hoek-6.1.3.tgz",
      "integrity": "sha512-YXXAAhmF9zpQbC7LEcREFtXfGq5K1fmd+4PHkBq8NUqmzW3G+Dq10bI/i0KucLRwss3YYFQ0fSfoxBZYiGUqtQ=="
    },
    "inflight": {
      "version": "1.0.6",
      "resolved": "https://registry.npmjs.org/inflight/-/inflight-1.0.6.tgz",
      "integrity": "sha1-Sb1jMdfQLQwJvJEKEHW6gWW1bfk=",
      "requires": {
        "once": "1.4.0",
        "wrappy": "1.0.2"
      }
    },
    "inherits": {
      "version": "2.0.3",
      "resolved": "https://registry.npmjs.org/inherits/-/inherits-2.0.3.tgz",
      "integrity": "sha1-Yzwsg+PaQqUC9SRmAiSA9CCCYd4="
    },
    "iron": {
      "version": "4.0.5",
      "resolved": "https://registry.npmjs.org/iron/-/iron-4.0.5.tgz",
      "integrity": "sha512-rWkobJjk5IYW5AYR6LkxtmnGF8BzOqdm/mQMP4PNi35unXVxKa4v1TgpleyYRpKuBj0cTQUPQLufLyWKnE5hhw==",
      "requires": {
        "boom": "5.x.x",
        "cryptiles": "3.x.x",
        "hoek": "4.x.x"
      },
      "dependencies": {
        "boom": {
          "version": "5.2.0",
          "resolved": "https://registry.npmjs.org/boom/-/boom-5.2.0.tgz",
          "integrity": "sha512-Z5BTk6ZRe4tXXQlkqftmsAUANpXmuwlsF5Oov8ThoMbQRzdGTA1ngYRW160GexgOgjsFOKJz0LYhoNi+2AMBUw==",
          "requires": {
            "hoek": "4.x.x"
          }
        },
        "hoek": {
          "version": "4.2.1",
          "resolved": "https://registry.npmjs.org/hoek/-/hoek-4.2.1.tgz",
          "integrity": "sha512-QLg82fGkfnJ/4iy1xZ81/9SIJiq1NGFUMGs6ParyjBZr6jW2Ufj/snDqTHixNlHdPNwN2RLVD0Pi3igeK9+JfA=="
        }
      }
    },
    "isarray": {
      "version": "1.0.0",
      "resolved": "https://registry.npmjs.org/isarray/-/isarray-1.0.0.tgz",
      "integrity": "sha512-VLghIWNM6ELQzo7zwmcg0NmTVyWKYjvIeM83yjp0wRDTmUnrM678fQbcKBo6n2CJEF0szoG//ytg+TKla89ALQ=="
    },
    "isemail": {
      "version": "2.2.1",
      "resolved": "https://registry.npmjs.org/isemail/-/isemail-2.2.1.tgz",
      "integrity": "sha512-LPjFxaTatluwGAJlGe4FtRdzg0a9KlXrahHoHAR4HwRNf90Ttwi6sOQ9zj+EoCPmk9yyK+WFUqkm0imUo8UJbw=="
    },
    "items": {
      "version": "2.1.2",
      "resolved": "https://registry.npmjs.org/items/-/items-2.1.2.tgz",
      "integrity": "sha512-kezcEqgB97BGeZZYtX/MA8AG410ptURstvnz5RAgyFZ8wQFPMxHY8GpTq+/ZHKT3frSlIthUq7EvLt9xn3TvXg=="
    },
    "joi": {
      "version": "13.7.0",
      "resolved": "https://registry.npmjs.org/joi/-/joi-13.7.0.tgz",
      "integrity": "sha512-xuY5VkHfeOYK3Hdi91ulocfuFopwgbSORmIwzcwHKESQhC7w1kD5jaVSPnqDxS2I8t3RZ9omCKAxNwXN5zG1/Q==",
      "requires": {
        "hoek": "5.x.x",
        "isemail": "3.x.x",
        "topo": "3.x.x"
      },
      "dependencies": {
        "hoek": {
          "version": "5.0.4",
          "resolved": "https://registry.npmjs.org/hoek/-/hoek-5.0.4.tgz",
          "integrity": "sha512-Alr4ZQgoMlnere5FZJsIyfIjORBqZll5POhDsF4q64dPuJR6rNxXdDxtHSQq8OXRurhmx+PWYEE8bXRROY8h0w=="
        },
        "isemail": {
          "version": "3.2.0",
          "resolved": "https://registry.npmjs.org/isemail/-/isemail-3.2.0.tgz",
          "integrity": "sha512-zKqkK+O+dGqevc93KNsbZ/TqTUFd46MwWjYOoMrjIMZ51eU7DtQG3Wmd9SQQT7i7RVnuTPEiYEWHU3MSbxC1Tg==",
          "requires": {
            "punycode": "2.x.x"
          }
        },
        "topo": {
          "version": "3.0.3",
          "resolved": "https://registry.npmjs.org/topo/-/topo-3.0.3.tgz",
          "integrity": "sha512-IgpPtvD4kjrJ7CRA3ov2FhWQADwv+Tdqbsf1ZnPUSAtCJ9e1Z44MmoSGDXGk4IppoZA7jd/QRkNddlLJWlUZsQ==",
          "requires": {
            "hoek": "6.x.x"
          },
          "dependencies": {
            "hoek": {
              "version": "6.1.3",
              "resolved": "https://registry.npmjs.org/hoek/-/hoek-6.1.3.tgz",
              "integrity": "sha512-YXXAAhmF9zpQbC7LEcREFtXfGq5K1fmd+4PHkBq8NUqmzW3G+Dq10bI/i0KucLRwss3YYFQ0fSfoxBZYiGUqtQ=="
            }
          }
        }
      }
    },
    "joi-objectid": {
      "version": "2.0.0",
      "resolved": "https://registry.npmjs.org/joi-objectid/-/joi-objectid-2.0.0.tgz",
      "integrity": "sha1-VlSVc6Zrp5Xc9rniJt5fOy027Do="
    },
    "jsonwebtoken": {
      "version": "9.0.0",
      "resolved": "https://registry.npmjs.org/jsonwebtoken/-/jsonwebtoken-9.0.0.tgz",
      "integrity": "sha512-tuGfYXxkQGDPnLJ7SibiQgVgeDgfbPq2k2ICcbgqW8WxWLBAxKQM/ZCu/IT8SOSwmaYl4dpTFCW5xZv7YbbWUw==",
      "requires": {
        "jws": "^3.2.2",
        "lodash": "^4.17.21",
        "ms": "^2.1.1",
        "semver": "^7.3.8"
      },
      "dependencies": {
        "lodash": {
          "version": "4.17.21",
          "resolved": "https://registry.npmjs.org/lodash/-/lodash-4.17.21.tgz",
          "integrity": "sha512-v2kDEe57lecTulaDIuNTPy3Ry4gLGJ6Z1O3vE1krgXZNrsQ+LFTGHVxVjcXPs17LhbZVGedAJv8XZ1tvj5FvSg=="
        },
        "semver": {
          "version": "7.3.8",
          "resolved": "https://registry.npmjs.org/semver/-/semver-7.3.8.tgz",
          "integrity": "sha512-NB1ctGL5rlHrPJtFDVIVzTyQylMLu9N9VICA6HSFJo8MCGVTMW6gfpicwKmmK/dAjTOrqu5l63JJOpDSrAis3A==",
          "requires": {
            "lru-cache": "^6.0.0"
          }
        }
      }
    },
    "jwa": {
      "version": "1.4.1",
      "resolved": "https://registry.npmjs.org/jwa/-/jwa-1.4.1.tgz",
      "integrity": "sha512-qiLX/xhEEFKUAJ6FiBMbes3w9ATzyk5W7Hvzpa/SLYdxNtng+gcurvrI7TbACjIXlsJyr05/S1oUhZrc63evQA==",
      "requires": {
        "buffer-equal-constant-time": "1.0.1",
        "ecdsa-sig-formatter": "1.0.11",
        "safe-buffer": "^5.0.1"
      }
    },
    "jws": {
      "version": "3.2.2",
      "resolved": "https://registry.npmjs.org/jws/-/jws-3.2.2.tgz",
      "integrity": "sha512-YHlZCB6lMTllWDtSPHz/ZXTsi8S00usEV6v1tjq8tOUZzw7DpSDWVXjXDre6ed1w/pd495ODpHZYSdkRTsa0HA==",
      "requires": {
        "jwa": "^1.4.1",
        "safe-buffer": "^5.0.1"
      }
    },
    "kareem": {
      "version": "2.3.2",
      "resolved": "https://registry.npmjs.org/kareem/-/kareem-2.3.2.tgz",
      "integrity": "sha512-STHz9P7X2L4Kwn72fA4rGyqyXdmrMSdxqHx9IXon/FXluXieaFA6KJ2upcHAHxQPQ0LeM/OjLrhFxifHewOALQ=="
    },
    "lru-cache": {
      "version": "6.0.0",
      "resolved": "https://registry.npmjs.org/lru-cache/-/lru-cache-6.0.0.tgz",
      "integrity": "sha512-Jo6dJ04CmSjuznwJSS3pUeWmd/H0ffTlkXXgwZi+eq1UCmqQwCh+eLsYOYCwY991i2Fah4h1BEMCx4qThGbsiA==",
      "requires": {
        "yallist": "^4.0.0"
      }
    },
    "memory-pager": {
      "version": "1.5.0",
      "resolved": "https://registry.npmjs.org/memory-pager/-/memory-pager-1.5.0.tgz",
      "integrity": "sha512-ZS4Bp4r/Zoeq6+NLJpP+0Zzm0pR8whtGPf1XExKLJBAczGMnSi3It14OiNCStjQjM6NU1okjQGSxgEZN8eBYKg==",
      "optional": true
    },
    "mime-db": {
      "version": "1.52.0",
      "resolved": "https://registry.npmjs.org/mime-db/-/mime-db-1.52.0.tgz",
      "integrity": "sha512-sPU4uV7dYlvtWJxwwxHD0PuihVNiE7TyAbQ5SWxDCB9mUYvOgroQOwYQQOKPJ8CIbE+1ETVlOoK1UC2nU3gYvg=="
    },
    "mimos": {
      "version": "3.0.3",
      "resolved": "https://registry.npmjs.org/mimos/-/mimos-3.0.3.tgz",
      "integrity": "sha512-BfYn3Kdlfii+Zr5P/1dvUDxCvy9qOeDzsKaoZ1ZbkfUqP001+OPdHsdWQ/ff4wbLGFWCsxrygX9macR2xc7CMg==",
      "requires": {
        "hoek": "4.x.x",
        "mime-db": "1.x.x"
      },
      "dependencies": {
        "hoek": {
          "version": "4.2.1",
          "resolved": "https://registry.npmjs.org/hoek/-/hoek-4.2.1.tgz",
          "integrity": "sha512-QLg82fGkfnJ/4iy1xZ81/9SIJiq1NGFUMGs6ParyjBZr6jW2Ufj/snDqTHixNlHdPNwN2RLVD0Pi3igeK9+JfA=="
        }
      }
    },
    "minimatch": {
      "version": "3.0.4",
      "resolved": "https://registry.npmjs.org/minimatch/-/minimatch-3.0.4.tgz",
      "integrity": "sha512-yJHVQEhyqPLUTgt9B83PXu6W3rx4MvvHvSUvToogpwoGDOUQ+yDrR0HRot+yOCdCO7u4hX3pWft6kWBBcqh0UA==",
      "requires": {
        "brace-expansion": "1.1.8"
      }
    },
    "mongodb": {
      "version": "3.7.3",
      "resolved": "https://registry.npmjs.org/mongodb/-/mongodb-3.7.3.tgz",
      "integrity": "sha512-Psm+g3/wHXhjBEktkxXsFMZvd3nemI0r3IPsE0bU+4//PnvNWKkzhZcEsbPcYiWqe8XqXJJEg4Tgtr7Raw67Yw==",
      "requires": {
        "bl": "^2.2.1",
        "bson": "^1.1.4",
        "denque": "^1.4.1",
        "optional-require": "^1.1.8",
        "safe-buffer": "^5.1.2",
        "saslprep": "^1.0.0"
      },
      "dependencies": {
        "optional-require": {
          "version": "1.1.8",
          "resolved": "https://registry.npmjs.org/optional-require/-/optional-require-1.1.8.tgz",
          "integrity": "sha512-jq83qaUb0wNg9Krv1c5OQ+58EK+vHde6aBPzLvPPqJm89UQWsvSuFy9X/OSNJnFeSOKo7btE0n8Nl2+nE+z5nA==",
          "requires": {
            "require-at": "^1.0.6"
          }
        }
      }
    },
    "mongoose": {
      "version": "5.13.15",
      "resolved": "https://registry.npmjs.org/mongoose/-/mongoose-5.13.15.tgz",
      "integrity": "sha512-cxp1Gbb8yUWkaEbajdhspSaKzAvsIvOtRlYD87GN/P2QEUhpd6bIvebi36T6M0tIVAMauNaK9SPA055N3PwF8Q==",
      "requires": {
        "@types/bson": "1.x || 4.0.x",
        "@types/mongodb": "^3.5.27",
        "bson": "^1.1.4",
        "kareem": "2.3.2",
        "mongodb": "3.7.3",
        "mongoose-legacy-pluralize": "1.0.2",
        "mpath": "0.8.4",
        "mquery": "3.2.5",
        "ms": "2.1.2",
        "optional-require": "1.0.x",
        "regexp-clone": "1.0.0",
        "safe-buffer": "5.2.1",
        "sift": "13.5.2",
        "sliced": "1.0.1"
      },
      "dependencies": {
        "ms": {
          "version": "2.1.2",
          "resolved": "https://registry.npmjs.org/ms/-/ms-2.1.2.tgz",
          "integrity": "sha512-sGkPx+VjMtmA6MX27oA4FBFELFCZZ4S4XqeGOXCv68tT+jb3vk/RyaKWP0PTKyWtmLSM0b+adUTEvbs1PEaH2w=="
        }
      }
    },
    "mongoose-legacy-pluralize": {
      "version": "1.0.2",
      "resolved": "https://registry.npmjs.org/mongoose-legacy-pluralize/-/mongoose-legacy-pluralize-1.0.2.tgz",
      "integrity": "sha512-Yo/7qQU4/EyIS8YDFSeenIvXxZN+ld7YdV9LqFVQJzTLye8unujAWPZ4NWKfFA+RNjh+wvTWKY9Z3E5XM6ZZiQ=="
    },
    "mpath": {
      "version": "0.8.4",
      "resolved": "https://registry.npmjs.org/mpath/-/mpath-0.8.4.tgz",
      "integrity": "sha512-DTxNZomBcTWlrMW76jy1wvV37X/cNNxPW1y2Jzd4DZkAaC5ZGsm8bfGfNOthcDuRJujXLqiuS6o3Tpy0JEoh7g=="
    },
    "mquery": {
      "version": "3.2.5",
      "resolved": "https://registry.npmjs.org/mquery/-/mquery-3.2.5.tgz",
      "integrity": "sha512-VjOKHHgU84wij7IUoZzFRU07IAxd5kWJaDmyUzQlbjHjyoeK5TNeeo8ZsFDtTYnSgpW6n/nMNIHvE3u8Lbrf4A==",
      "requires": {
        "bluebird": "3.5.1",
        "debug": "3.1.0",
        "regexp-clone": "^1.0.0",
        "safe-buffer": "5.1.2",
        "sliced": "1.0.1"
      },
      "dependencies": {
        "safe-buffer": {
          "version": "5.1.2",
          "resolved": "https://registry.npmjs.org/safe-buffer/-/safe-buffer-5.1.2.tgz",
          "integrity": "sha512-Gd2UZBJDkXlY7GbJxfsE8/nvKkUEU1G38c1siN6QP6a9PT9MmHB8GnpscSmMJSoF8LOIrt8ud/wPtojys4G6+g=="
        }
      }
    },
    "ms": {
      "version": "2.1.3",
      "resolved": "https://registry.npmjs.org/ms/-/ms-2.1.3.tgz",
      "integrity": "sha512-6FlzubTLZG3J2a/NVCAleEhjzq5oxgHyaCU9yYXvcLsvoVaHJq/s5xXI6/XXP6tz7R9xAOtHnSO/tXtF3WRTlA=="
    },
    "nigel": {
      "version": "2.0.2",
      "resolved": "https://registry.npmjs.org/nigel/-/nigel-2.0.2.tgz",
      "integrity": "sha512-KzIv9fdPY3z7mQu4Y3SVW/Y5nK1k+AUpwXCVnZYNn42a+abSnG0gXsrCT55sR/lt/9sYdV+e89JqFTfNpUBeWg==",
      "requires": {
        "hoek": "4.x.x",
        "vise": "2.x.x"
      },
      "dependencies": {
        "hoek": {
          "version": "4.2.1",
          "resolved": "https://registry.npmjs.org/hoek/-/hoek-4.2.1.tgz",
          "integrity": "sha512-QLg82fGkfnJ/4iy1xZ81/9SIJiq1NGFUMGs6ParyjBZr6jW2Ufj/snDqTHixNlHdPNwN2RLVD0Pi3igeK9+JfA=="
        }
      }
    },
    "once": {
      "version": "1.4.0",
      "resolved": "https://registry.npmjs.org/once/-/once-1.4.0.tgz",
      "integrity": "sha1-WDsap3WWHUsROsF9nFC6753Xa9E=",
      "requires": {
        "wrappy": "1.0.2"
      }
    },
    "optional-require": {
      "version": "1.0.3",
      "resolved": "https://registry.npmjs.org/optional-require/-/optional-require-1.0.3.tgz",
      "integrity": "sha512-RV2Zp2MY2aeYK5G+B/Sps8lW5NHAzE5QClbFP15j+PWmP+T9PxlJXBOOLoSAdgwFvS4t0aMR4vpedMkbHfh0nA=="
    },
    "path-is-absolute": {
      "version": "1.0.1",
      "resolved": "https://registry.npmjs.org/path-is-absolute/-/path-is-absolute-1.0.1.tgz",
      "integrity": "sha1-F0uSaHNVNP+8es5r9TpanhtcX18="
    },
    "pez": {
      "version": "2.1.5",
      "resolved": "https://registry.npmjs.org/pez/-/pez-2.1.5.tgz",
      "integrity": "sha512-XHZL8ZBoxZGrprJAG83pvzo7tJPKmyfJVeyW0NFi6e4+J7C92AjeliYZwElvtdakOg6cEvLtCTfnt3n9XnpEmg==",
      "requires": {
        "b64": "3.x.x",
        "boom": "5.x.x",
        "content": "3.x.x",
        "hoek": "4.x.x",
        "nigel": "2.x.x"
      },
      "dependencies": {
        "boom": {
          "version": "5.2.0",
          "resolved": "https://registry.npmjs.org/boom/-/boom-5.2.0.tgz",
          "integrity": "sha512-Z5BTk6ZRe4tXXQlkqftmsAUANpXmuwlsF5Oov8ThoMbQRzdGTA1ngYRW160GexgOgjsFOKJz0LYhoNi+2AMBUw==",
          "requires": {
            "hoek": "4.x.x"
          }
        },
        "hoek": {
          "version": "4.2.1",
          "resolved": "https://registry.npmjs.org/hoek/-/hoek-4.2.1.tgz",
          "integrity": "sha512-QLg82fGkfnJ/4iy1xZ81/9SIJiq1NGFUMGs6ParyjBZr6jW2Ufj/snDqTHixNlHdPNwN2RLVD0Pi3igeK9+JfA=="
        }
      }
    },
    "podium": {
      "version": "1.3.0",
      "resolved": "https://registry.npmjs.org/podium/-/podium-1.3.0.tgz",
      "integrity": "sha512-ZIujqk1pv8bRZNVxwwwq0BhXilZ2udycQT3Kp8ah3f3TcTmVg7ILJsv/oLf47gRa2qeiP584lNq+pfvS9U3aow==",
      "requires": {
        "hoek": "4.x.x",
        "items": "2.x.x",
        "joi": "10.x.x"
      },
      "dependencies": {
        "hoek": {
          "version": "4.2.1",
          "resolved": "https://registry.npmjs.org/hoek/-/hoek-4.2.1.tgz",
          "integrity": "sha512-QLg82fGkfnJ/4iy1xZ81/9SIJiq1NGFUMGs6ParyjBZr6jW2Ufj/snDqTHixNlHdPNwN2RLVD0Pi3igeK9+JfA=="
        },
        "joi": {
          "version": "10.6.0",
          "resolved": "https://registry.npmjs.org/joi/-/joi-10.6.0.tgz",
          "integrity": "sha512-hBF3LcqyAid+9X/pwg+eXjD2QBZI5eXnBFJYaAkH4SK3mp9QSRiiQnDYlmlz5pccMvnLcJRS4whhDOTCkmsAdQ==",
          "requires": {
            "hoek": "4.x.x",
            "isemail": "2.x.x",
            "items": "2.x.x",
            "topo": "2.x.x"
          }
        }
      }
    },
    "process-nextick-args": {
      "version": "2.0.1",
      "resolved": "https://registry.npmjs.org/process-nextick-args/-/process-nextick-args-2.0.1.tgz",
      "integrity": "sha512-3ouUOpQhtgrbOa17J7+uxOTpITYWaGP7/AhoR3+A+/1e9skrzelGi/dXzEYyvbxubEF6Wn2ypscTKiKJFFn1ag=="
    },
    "punycode": {
      "version": "2.1.1",
      "resolved": "https://registry.npmjs.org/punycode/-/punycode-2.1.1.tgz",
      "integrity": "sha512-XRsRjdf+j5ml+y/6GKHPZbrF/8p2Yga0JPtdqTIY2Xe5ohJPD9saDJJLPvp9+NSBprVvevdXZybnj2cv8OEd0A=="
    },
    "readable-stream": {
      "version": "2.3.7",
      "resolved": "https://registry.npmjs.org/readable-stream/-/readable-stream-2.3.7.tgz",
      "integrity": "sha512-Ebho8K4jIbHAxnuxi7o42OrZgF/ZTNcsZj6nRKyUmkhLFq8CHItp/fy6hQZuZmP/n3yZ9VBUbp4zz/mX8hmYPw==",
      "requires": {
        "core-util-is": "~1.0.0",
        "inherits": "~2.0.3",
        "isarray": "~1.0.0",
        "process-nextick-args": "~2.0.0",
        "safe-buffer": "~5.1.1",
        "string_decoder": "~1.1.1",
        "util-deprecate": "~1.0.1"
      },
      "dependencies": {
        "safe-buffer": {
          "version": "5.1.2",
          "resolved": "https://registry.npmjs.org/safe-buffer/-/safe-buffer-5.1.2.tgz",
          "integrity": "sha512-Gd2UZBJDkXlY7GbJxfsE8/nvKkUEU1G38c1siN6QP6a9PT9MmHB8GnpscSmMJSoF8LOIrt8ud/wPtojys4G6+g=="
        }
      }
    },
    "regexp-clone": {
      "version": "1.0.0",
      "resolved": "https://registry.npmjs.org/regexp-clone/-/regexp-clone-1.0.0.tgz",
      "integrity": "sha512-TuAasHQNamyyJ2hb97IuBEif4qBHGjPHBS64sZwytpLEqtBQ1gPJTnOaQ6qmpET16cK14kkjbazl6+p0RRv0yw=="
    },
    "require-at": {
      "version": "1.0.6",
      "resolved": "https://registry.npmjs.org/require-at/-/require-at-1.0.6.tgz",
      "integrity": "sha512-7i1auJbMUrXEAZCOQ0VNJgmcT2VOKPRl2YGJwgpHpC9CE91Mv4/4UYIUm4chGJaI381ZDq1JUicFii64Hapd8g=="
    },
    "safe-buffer": {
      "version": "5.2.1",
      "resolved": "https://registry.npmjs.org/safe-buffer/-/safe-buffer-5.2.1.tgz",
      "integrity": "sha512-rp3So07KcdmmKbGvgaNxQSJr7bGVSVk5S9Eq1F+ppbRo70+YeaDxkw5Dd8NPN+GD6bjnYm2VuPuCXmpuYvmCXQ=="
    },
    "saslprep": {
      "version": "1.0.3",
      "resolved": "https://registry.npmjs.org/saslprep/-/saslprep-1.0.3.tgz",
      "integrity": "sha512-/MY/PEMbk2SuY5sScONwhUDsV2p77Znkb/q3nSVstq/yQzYJOH/Azh29p9oJLsl3LnQwSvZDKagDGBsBwSooag==",
      "optional": true,
      "requires": {
        "sparse-bitfield": "^3.0.3"
      }
    },
    "shot": {
      "version": "3.4.2",
      "resolved": "https://registry.npmjs.org/shot/-/shot-3.4.2.tgz",
      "integrity": "sha512-d/mcXYzS+5mKp6VRIiQlGM+2QcX1Gb1tRAO52o9MmVSSMmv+IO0UUBa+FFU+QaeOgnkv1z3c9VsjwO9ZEdOJUA==",
      "requires": {
        "hoek": "4.x.x",
        "joi": "10.x.x"
      },
      "dependencies": {
        "hoek": {
          "version": "4.2.1",
          "resolved": "https://registry.npmjs.org/hoek/-/hoek-4.2.1.tgz",
          "integrity": "sha512-QLg82fGkfnJ/4iy1xZ81/9SIJiq1NGFUMGs6ParyjBZr6jW2Ufj/snDqTHixNlHdPNwN2RLVD0Pi3igeK9+JfA=="
        },
        "joi": {
          "version": "10.6.0",
          "resolved": "https://registry.npmjs.org/joi/-/joi-10.6.0.tgz",
          "integrity": "sha512-hBF3LcqyAid+9X/pwg+eXjD2QBZI5eXnBFJYaAkH4SK3mp9QSRiiQnDYlmlz5pccMvnLcJRS4whhDOTCkmsAdQ==",
          "requires": {
            "hoek": "4.x.x",
            "isemail": "2.x.x",
            "items": "2.x.x",
            "topo": "2.x.x"
          }
        }
      }
    },
    "sift": {
      "version": "13.5.2",
      "resolved": "https://registry.npmjs.org/sift/-/sift-13.5.2.tgz",
      "integrity": "sha512-+gxdEOMA2J+AI+fVsCqeNn7Tgx3M9ZN9jdi95939l1IJ8cZsqS8sqpJyOkic2SJk+1+98Uwryt/gL6XDaV+UZA=="
    },
    "sliced": {
      "version": "1.0.1",
      "resolved": "https://registry.npmjs.org/sliced/-/sliced-1.0.1.tgz",
      "integrity": "sha512-VZBmZP8WU3sMOZm1bdgTadsQbcscK0UM8oKxKVBs4XAhUo2Xxzm/OFMGBkPusxw9xL3Uy8LrzEqGqJhclsr0yA=="
    },
    "somever": {
      "version": "1.0.1",
      "resolved": "https://registry.npmjs.org/somever/-/somever-1.0.1.tgz",
      "integrity": "sha512-PCDMBcega4n7wuBUKmkiXidF3cOwtHHGg2qJYl0Rkw7StZqORoCgqce7HUuWNta/NAiQhwLDezNnTANxEWPCGA==",
      "requires": {
        "hoek": "4.x.x"
      },
      "dependencies": {
        "hoek": {
          "version": "4.2.1",
          "resolved": "https://registry.npmjs.org/hoek/-/hoek-4.2.1.tgz",
          "integrity": "sha512-QLg82fGkfnJ/4iy1xZ81/9SIJiq1NGFUMGs6ParyjBZr6jW2Ufj/snDqTHixNlHdPNwN2RLVD0Pi3igeK9+JfA=="
        }
      }
    },
    "sparse-bitfield": {
      "version": "3.0.3",
      "resolved": "https://registry.npmjs.org/sparse-bitfield/-/sparse-bitfield-3.0.3.tgz",
      "integrity": "sha512-kvzhi7vqKTfkh0PZU+2D2PIllw2ymqJKujUcyPMd9Y75Nv4nPbGJZXNhxsgdQab2BmlDct1YnfQCguEvHr7VsQ==",
      "optional": true,
      "requires": {
        "memory-pager": "^1.0.2"
      }
    },
    "statehood": {
      "version": "5.0.4",
      "resolved": "https://registry.npmjs.org/statehood/-/statehood-5.0.4.tgz",
      "integrity": "sha512-6/feFLqqHylvA/dHwJA0DgXvbEcKgbhRUeljsuu6+cIr8PO88nax7Wc+celZlPTncqT2arsxXL8P329Q1yfe9Q==",
      "requires": {
        "boom": "5.x.x",
        "bourne": "1.x.x",
        "cryptiles": "3.x.x",
        "hoek": "4.x.x",
        "iron": "4.x.x",
        "items": "2.x.x",
        "joi": "12.x.x"
      },
      "dependencies": {
        "boom": {
          "version": "5.2.0",
          "resolved": "https://registry.npmjs.org/boom/-/boom-5.2.0.tgz",
          "integrity": "sha512-Z5BTk6ZRe4tXXQlkqftmsAUANpXmuwlsF5Oov8ThoMbQRzdGTA1ngYRW160GexgOgjsFOKJz0LYhoNi+2AMBUw==",
          "requires": {
            "hoek": "4.x.x"
          }
        },
        "hoek": {
          "version": "4.2.1",
          "resolved": "https://registry.npmjs.org/hoek/-/hoek-4.2.1.tgz",
          "integrity": "sha512-QLg82fGkfnJ/4iy1xZ81/9SIJiq1NGFUMGs6ParyjBZr6jW2Ufj/snDqTHixNlHdPNwN2RLVD0Pi3igeK9+JfA=="
        },
        "isemail": {
          "version": "3.2.0",
          "resolved": "https://registry.npmjs.org/isemail/-/isemail-3.2.0.tgz",
          "integrity": "sha512-zKqkK+O+dGqevc93KNsbZ/TqTUFd46MwWjYOoMrjIMZ51eU7DtQG3Wmd9SQQT7i7RVnuTPEiYEWHU3MSbxC1Tg==",
          "requires": {
            "punycode": "2.x.x"
          }
        },
        "joi": {
          "version": "12.0.0",
          "resolved": "https://registry.npmjs.org/joi/-/joi-12.0.0.tgz",
          "integrity": "sha512-z0FNlV4NGgjQN1fdtHYXf5kmgludM65fG/JlXzU6+rwkt9U5UWuXVYnXa2FpK0u6+qBuCmrm5byPNuiiddAHvQ==",
          "requires": {
            "hoek": "4.x.x",
            "isemail": "3.x.x",
            "topo": "2.x.x"
          }
        }
      }
    },
    "string_decoder": {
      "version": "1.1.1",
      "resolved": "https://registry.npmjs.org/string_decoder/-/string_decoder-1.1.1.tgz",
      "integrity": "sha512-n/ShnvDi6FHbbVfviro+WojiFzv+s8MPMHBczVePfUpDJLwoLT0ht1l4YwBCbi8pJAveEEdnkHyPyTP/mzRfwg==",
      "requires": {
        "safe-buffer": "~5.1.0"
      },
      "dependencies": {
        "safe-buffer": {
          "version": "5.1.2",
          "resolved": "https://registry.npmjs.org/safe-buffer/-/safe-buffer-5.1.2.tgz",
          "integrity": "sha512-Gd2UZBJDkXlY7GbJxfsE8/nvKkUEU1G38c1siN6QP6a9PT9MmHB8GnpscSmMJSoF8LOIrt8ud/wPtojys4G6+g=="
        }
      }
    },
    "subtext": {
      "version": "5.0.1",
      "resolved": "https://registry.npmjs.org/subtext/-/subtext-5.0.1.tgz",
      "integrity": "sha512-zH/jaUKJ/bkrTpEe3zuTFIRnqAwv5xcGpXA2JaxEc30KRAT4k78jZnRqM45snjBSZAuvpI8chRUh1VZprcUVfw==",
      "requires": {
        "boom": "5.x.x",
        "bourne": "1.x.x",
        "content": "3.x.x",
        "hoek": "4.x.x",
        "pez": "2.x.x",
        "wreck": "12.x.x"
      },
      "dependencies": {
        "boom": {
          "version": "5.2.0",
          "resolved": "https://registry.npmjs.org/boom/-/boom-5.2.0.tgz",
          "integrity": "sha512-Z5BTk6ZRe4tXXQlkqftmsAUANpXmuwlsF5Oov8ThoMbQRzdGTA1ngYRW160GexgOgjsFOKJz0LYhoNi+2AMBUw==",
          "requires": {
            "hoek": "4.x.x"
          }
        },
        "hoek": {
          "version": "4.2.1",
          "resolved": "https://registry.npmjs.org/hoek/-/hoek-4.2.1.tgz",
          "integrity": "sha512-QLg82fGkfnJ/4iy1xZ81/9SIJiq1NGFUMGs6ParyjBZr6jW2Ufj/snDqTHixNlHdPNwN2RLVD0Pi3igeK9+JfA=="
        }
      }
    },
    "topo": {
      "version": "2.0.2",
      "resolved": "https://registry.npmjs.org/topo/-/topo-2.0.2.tgz",
      "integrity": "sha512-QMfJ9TC5lKcmLZImOZ/BTSWJeVbay7XK2nlzvFALW3BA5OkvBnbs0poku4EsRpDMndDVnM58EU/8D3ZcoVehWg==",
      "requires": {
        "hoek": "4.x.x"
      },
      "dependencies": {
        "hoek": {
          "version": "4.2.1",
          "resolved": "https://registry.npmjs.org/hoek/-/hoek-4.2.1.tgz",
          "integrity": "sha512-QLg82fGkfnJ/4iy1xZ81/9SIJiq1NGFUMGs6ParyjBZr6jW2Ufj/snDqTHixNlHdPNwN2RLVD0Pi3igeK9+JfA=="
        }
      }
    },
    "util-deprecate": {
      "version": "1.0.2",
      "resolved": "https://registry.npmjs.org/util-deprecate/-/util-deprecate-1.0.2.tgz",
      "integrity": "sha512-EPD5q1uXyFxJpCrLnCc1nHnq3gOa6DZBocAIiI2TaSCA7VCJ1UJDMagCzIkXNsUYfD1daK//LTEQ8xiIbrHtcw=="
    },
    "vise": {
      "version": "2.0.2",
      "resolved": "https://registry.npmjs.org/vise/-/vise-2.0.2.tgz",
      "integrity": "sha512-CqqBsJC+eoqmYggmN9BEXg2xHju1fC0laeaEDDfIt7QxOtgKoXere+BuKqpmNrNmRUQMdjlgQU9ng9QAnDSvpA==",
      "requires": {
        "hoek": "4.x.x"
      },
      "dependencies": {
        "hoek": {
          "version": "4.2.1",
          "resolved": "https://registry.npmjs.org/hoek/-/hoek-4.2.1.tgz",
          "integrity": "sha512-QLg82fGkfnJ/4iy1xZ81/9SIJiq1NGFUMGs6ParyjBZr6jW2Ufj/snDqTHixNlHdPNwN2RLVD0Pi3igeK9+JfA=="
        }
      }
    },
    "wrappy": {
      "version": "1.0.2",
      "resolved": "https://registry.npmjs.org/wrappy/-/wrappy-1.0.2.tgz",
      "integrity": "sha1-tSQ9jz7BqjXxNkYFvA0QNuMKtp8="
    },
    "wreck": {
      "version": "12.5.1",
      "resolved": "https://registry.npmjs.org/wreck/-/wreck-12.5.1.tgz",
      "integrity": "sha512-l5DUGrc+yDyIflpty1x9XuMj1ehVjC/dTbF3/BasOO77xk0EdEa4M/DuOY8W88MQDAD0fEDqyjc8bkIMHd2E9A==",
      "requires": {
        "boom": "5.x.x",
        "hoek": "4.x.x"
      },
      "dependencies": {
        "boom": {
          "version": "5.2.0",
          "resolved": "https://registry.npmjs.org/boom/-/boom-5.2.0.tgz",
          "integrity": "sha512-Z5BTk6ZRe4tXXQlkqftmsAUANpXmuwlsF5Oov8ThoMbQRzdGTA1ngYRW160GexgOgjsFOKJz0LYhoNi+2AMBUw==",
          "requires": {
            "hoek": "4.x.x"
          }
        },
        "hoek": {
          "version": "4.2.1",
          "resolved": "https://registry.npmjs.org/hoek/-/hoek-4.2.1.tgz",
          "integrity": "sha512-QLg82fGkfnJ/4iy1xZ81/9SIJiq1NGFUMGs6ParyjBZr6jW2Ufj/snDqTHixNlHdPNwN2RLVD0Pi3igeK9+JfA=="
        }
      }
    },
    "xtend": {
      "version": "4.0.2",
      "resolved": "https://registry.npmjs.org/xtend/-/xtend-4.0.2.tgz",
      "integrity": "sha512-LKYU1iAXJXUgAXn9URjiu+MWhyUXHsvfp7mcuYm9dSUKK0/CjtrUwFAxD82/mCWbtLsGjFIad0wIsod4zrTAEQ=="
    },
    "yallist": {
      "version": "4.0.0",
      "resolved": "https://registry.npmjs.org/yallist/-/yallist-4.0.0.tgz",
      "integrity": "sha512-3wdGidZyq5PB084XLES5TpOSRA3wjXAlIWMhum2kRcv/41Sn2emQ0dycQW4uZXLejwKvg6EsvbdlVL+FYEct7A=="
    }
  }
}
